Microsoft Visual Studio Solution File, Format Version 12.00
# Visual Studio 2012
Project("{FAE04EC0-301F-11D3-BF4B-00C04F79EFBC}") = "G9", "G9.csproj", "{1B94E1C7-11BC-47E6-AAD5-410EAB90CCEA}"
EndProject
Global
	GlobalSection(SolutionConfigurationPlatforms) = preSolution
	Debug|Any CPU = Debug|Any CPU
	ExportDebug|Any CPU = ExportDebug|Any CPU
	ExportRelease|Any CPU = ExportRelease|Any CPU
	EndGlobalSection
	GlobalSection(ProjectConfigurationPlatforms) = postSolution
		{1B94E1C7-11BC-47E6-AAD5-410EAB90CCEA}.Debug|Any CPU.ActiveCfg = Debug|Any CPU
		{1B94E1C7-11BC-47E6-AAD5-410EAB90CCEA}.Debug|Any CPU.Build.0 = Debug|Any CPU
		{1B94E1C7-11BC-47E6-AAD5-410EAB90CCEA}.ExportDebug|Any CPU.ActiveCfg = ExportDebug|Any CPU
		{1B94E1C7-11BC-47E6-AAD5-410EAB90CCEA}.ExportDebug|Any CPU.Build.0 = ExportDebug|Any CPU
		{1B94E1C7-11BC-47E6-AAD5-410EAB90CCEA}.ExportRelease|Any CPU.ActiveCfg = ExportRelease|Any CPU
		{1B94E1C7-11BC-47E6-AAD5-410EAB90CCEA}.ExportRelease|Any CPU.Build.0 = ExportRelease|Any CPU
	EndGlobalSection
EndGlobal
